# This file is generated by running "yarn install" inside your project.
# Manual changes might be lost - proceed with caution!

__metadata:
  version: 5
  cacheKey: 8

"axios@npm:^0.26.0":
  version: 0.26.0
  resolution: "axios@npm:0.26.0"
  dependencies:
    follow-redirects: ^1.14.8
  checksum: d7a8b898f4157bedeb2e06c03b16133b91b354c041205bea732ce58b7a21f373d22057b0eea0d482838145ce6ff482b359750d9bcb8dd19d45e3928e3c65c280
  languageName: node
  linkType: hard

"changelogPusher@workspace:.":
  version: 0.0.0-use.local
  resolution: "changelogPusher@workspace:."
  dependencies:
    axios: ^0.26.0
  languageName: unknown
  linkType: soft

"follow-redirects@npm:^1.14.8":
  version: 1.14.9
  resolution: "follow-redirects@npm:1.14.9"
  peerDependenciesMeta:
    debug:
      optional: true
  checksum: f5982e0eb481818642492d3ca35a86989c98af1128b8e1a62911a3410621bc15d2b079e8170b35b19d3bdee770b73ed431a257ed86195af773771145baa57845
  languageName: node
  linkType: hard
